
Microsoft Visual Studio Solution File, Format Version 12.00
# Visual Studio Version 17
VisualStudioVersion = 17.0.31903.59
MinimumVisualStudioVersion = 10.0.40219.1
Project("{FAE04EC0-301F-11D3-BF4B-00C04F79EFBC}") = "Api", "Api\Api.csproj", "{C2E82617-91BD-4C28-B9A5-7E46FDAF33C1}"
EndProject
Project("{FAE04EC0-301F-11D3-BF4B-00C04F79EFBC}") = "Web", "Web\Web.csproj", "{607EE8F2-5953-4B8B-B3BE-C99B0B5EEFF3}"
EndProject
Global
	GlobalSection(SolutionConfigurationPlatforms) = preSolution
		Debug|Any CPU = Debug|Any CPU
		Debug|x64 = Debug|x64
		Debug|x86 = Debug|x86
		Release|Any CPU = Release|Any CPU
		Release|x64 = Release|x64
		Release|x86 = Release|x86
	EndGlobalSection
	GlobalSection(ProjectConfigurationPlatforms) = postSolution
		{C2E82617-91BD-4C28-B9A5-7E46FDAF33C1}.Debug|Any CPU.ActiveCfg = Debug|Any CPU
		{C2E82617-91BD-4C28-B9A5-7E46FDAF33C1}.Debug|Any CPU.Build.0 = Debug|Any CPU
		{C2E82617-91BD-4C28-B9A5-7E46FDAF33C1}.Debug|x64.ActiveCfg = Debug|Any CPU
		{C2E82617-91BD-4C28-B9A5-7E46FDAF33C1}.Debug|x64.Build.0 = Debug|Any CPU
		{C2E82617-91BD-4C28-B9A5-7E46FDAF33C1}.Debug|x86.ActiveCfg = Debug|Any CPU
		{C2E82617-91BD-4C28-B9A5-7E46FDAF33C1}.Debug|x86.Build.0 = Debug|Any CPU
		{C2E82617-91BD-4C28-B9A5-7E46FDAF33C1}.Release|Any CPU.ActiveCfg = Release|Any CPU
		{C2E82617-91BD-4C28-B9A5-7E46FDAF33C1}.Release|Any CPU.Build.0 = Release|Any CPU
		{C2E82617-91BD-4C28-B9A5-7E46FDAF33C1}.Release|x64.ActiveCfg = Release|Any CPU
		{C2E82617-91BD-4C28-B9A5-7E46FDAF33C1}.Release|x64.Build.0 = Release|Any CPU
		{C2E82617-91BD-4C28-B9A5-7E46FDAF33C1}.Release|x86.ActiveCfg = Release|Any CPU
		{C2E82617-91BD-4C28-B9A5-7E46FDAF33C1}.Release|x86.Build.0 = Release|Any CPU
		{607EE8F2-5953-4B8B-B3BE-C99B0B5EEFF3}.Debug|Any CPU.ActiveCfg = Debug|Any CPU
		{607EE8F2-5953-4B8B-B3BE-C99B0B5EEFF3}.Debug|Any CPU.Build.0 = Debug|Any CPU
		{607EE8F2-5953-4B8B-B3BE-C99B0B5EEFF3}.Debug|x64.ActiveCfg = Debug|Any CPU
		{607EE8F2-5953-4B8B-B3BE-C99B0B5EEFF3}.Debug|x64.Build.0 = Debug|Any CPU
		{607EE8F2-5953-4B8B-B3BE-C99B0B5EEFF3}.Debug|x86.ActiveCfg = Debug|Any CPU
		{607EE8F2-5953-4B8B-B3BE-C99B0B5EEFF3}.Debug|x86.Build.0 = Debug|Any CPU
		{607EE8F2-5953-4B8B-B3BE-C99B0B5EEFF3}.Release|Any CPU.ActiveCfg = Release|Any CPU
		{607EE8F2-5953-4B8B-B3BE-C99B0B5EEFF3}.Release|Any CPU.Build.0 = Release|Any CPU
		{607EE8F2-5953-4B8B-B3BE-C99B0B5EEFF3}.Release|x64.ActiveCfg = Release|Any CPU
		{607EE8F2-5953-4B8B-B3BE-C99B0B5EEFF3}.Release|x64.Build.0 = Release|Any CPU
		{607EE8F2-5953-4B8B-B3BE-C99B0B5EEFF3}.Release|x86.ActiveCfg = Release|Any CPU
		{607EE8F2-5953-4B8B-B3BE-C99B0B5EEFF3}.Release|x86.Build.0 = Release|Any CPU
	EndGlobalSection
	GlobalSection(SolutionProperties) = preSolution
		HideSolutionNode = FALSE
	EndGlobalSection
EndGlobal
